
Microsoft Visual Studio Solution File, Format Version 12.00
# Visual Studio Version 17
VisualStudioVersion = 17.4.33205.214
MinimumVisualStudioVersion = 10.0.40219.1
Project("{888888A0-9F3D-457C-B088-3A5042F75D52}") = "mäng", "mäng.pyproj", "{C75819F0-A264-4FA3-85CE-26E67132EBDA}"
EndProject
Global
	GlobalSection(SolutionConfigurationPlatforms) = preSolution
		Debug|Any CPU = Debug|Any CPU
		Release|Any CPU = Release|Any CPU
	EndGlobalSection
	GlobalSection(ProjectConfigurationPlatforms) = postSolution
		{C75819F0-A264-4FA3-85CE-26E67132EBDA}.Debug|Any CPU.ActiveCfg = Debug|Any CPU
		{C75819F0-A264-4FA3-85CE-26E67132EBDA}.Release|Any CPU.ActiveCfg = Release|Any CPU
	EndGlobalSection
	GlobalSection(SolutionProperties) = preSolution
		HideSolutionNode = FALSE
	EndGlobalSection
	GlobalSection(ExtensibilityGlobals) = postSolution
		SolutionGuid = {DB9385C4-70B4-4B4F-800D-31E9E7BBD2D4}
	EndGlobalSection
EndGlobal
