
Microsoft Visual Studio Solution File, Format Version 12.00
# Visual Studio Version 17
VisualStudioVersion = 17.4.33205.214
MinimumVisualStudioVersion = 10.0.40219.1
Project("{FAE04EC0-301F-11D3-BF4B-00C04F79EFBC}") = "kontrolltoo", "kontrolltoo\kontrolltoo.csproj", "{D2DBD7B5-CD21-4959-A7FA-72481363A0CC}"
EndProject
Global
	GlobalSection(SolutionConfigurationPlatforms) = preSolution
		Debug|Any CPU = Debug|Any CPU
		Release|Any CPU = Release|Any CPU
	EndGlobalSection
	GlobalSection(ProjectConfigurationPlatforms) = postSolution
		{D2DBD7B5-CD21-4959-A7FA-72481363A0CC}.Debug|Any CPU.ActiveCfg = Debug|Any CPU
		{D2DBD7B5-CD21-4959-A7FA-72481363A0CC}.Debug|Any CPU.Build.0 = Debug|Any CPU
		{D2DBD7B5-CD21-4959-A7FA-72481363A0CC}.Release|Any CPU.ActiveCfg = Release|Any CPU
		{D2DBD7B5-CD21-4959-A7FA-72481363A0CC}.Release|Any CPU.Build.0 = Release|Any CPU
	EndGlobalSection
	GlobalSection(SolutionProperties) = preSolution
		HideSolutionNode = FALSE
	EndGlobalSection
	GlobalSection(ExtensibilityGlobals) = postSolution
		SolutionGuid = {5E5FB9E1-2881-432A-AFF4-B7A0AD1C7EF6}
	EndGlobalSection
EndGlobal
