
Microsoft Visual Studio Solution File, Format Version 12.00
# Visual Studio Version 17
VisualStudioVersion = 17.4.33205.214
MinimumVisualStudioVersion = 10.0.40219.1
Project("{9A19103F-16F7-4668-BE54-9A1E7A4F7556}") = "4erveki", "4erveki.csproj", "{CC24425A-5BE9-471C-9D5E-351F0A9A5844}"
EndProject
Project("{2150E333-8FDC-42A3-9474-1A3956D46DE8}") = "Solution Items", "Solution Items", "{75CA75F5-7AB8-4385-B674-C0BAB734718D}"
	ProjectSection(SolutionItems) = preProject
		ogbuda.txt = ogbuda.txt
	EndProjectSection
EndProject
Global
	GlobalSection(SolutionConfigurationPlatforms) = preSolution
		Debug|Any CPU = Debug|Any CPU
		Release|Any CPU = Release|Any CPU
	EndGlobalSection
	GlobalSection(ProjectConfigurationPlatforms) = postSolution
		{CC24425A-5BE9-471C-9D5E-351F0A9A5844}.Debug|Any CPU.ActiveCfg = Debug|Any CPU
		{CC24425A-5BE9-471C-9D5E-351F0A9A5844}.Debug|Any CPU.Build.0 = Debug|Any CPU
		{CC24425A-5BE9-471C-9D5E-351F0A9A5844}.Release|Any CPU.ActiveCfg = Release|Any CPU
		{CC24425A-5BE9-471C-9D5E-351F0A9A5844}.Release|Any CPU.Build.0 = Release|Any CPU
	EndGlobalSection
	GlobalSection(SolutionProperties) = preSolution
		HideSolutionNode = FALSE
	EndGlobalSection
	GlobalSection(ExtensibilityGlobals) = postSolution
		SolutionGuid = {8E1D5F96-7414-474D-BD76-75466B4A63BF}
	EndGlobalSection
EndGlobal
