
Microsoft Visual Studio Solution File, Format Version 12.00
# Visual Studio Version 17
VisualStudioVersion = 17.4.33205.214
MinimumVisualStudioVersion = 10.0.40219.1
Project("{888888A0-9F3D-457C-B088-3A5042F75D52}") = "projekt.milovzorova", "projekt.milovzorova\projekt.milovzorova.pyproj", "{CE3E20D1-ECE4-49C6-9FCD-91236E65379C}"
EndProject
Global
	GlobalSection(SolutionConfigurationPlatforms) = preSolution
		Debug|Any CPU = Debug|Any CPU
		Release|Any CPU = Release|Any CPU
	EndGlobalSection
	GlobalSection(ProjectConfigurationPlatforms) = postSolution
		{CE3E20D1-ECE4-49C6-9FCD-91236E65379C}.Debug|Any CPU.ActiveCfg = Debug|Any CPU
		{CE3E20D1-ECE4-49C6-9FCD-91236E65379C}.Release|Any CPU.ActiveCfg = Release|Any CPU
	EndGlobalSection
	GlobalSection(SolutionProperties) = preSolution
		HideSolutionNode = FALSE
	EndGlobalSection
	GlobalSection(ExtensibilityGlobals) = postSolution
		SolutionGuid = {517B486D-3A2D-42A8-B373-B50FAE405EC8}
	EndGlobalSection
EndGlobal
