
Microsoft Visual Studio Solution File, Format Version 12.00
# Visual Studio Version 17
VisualStudioVersion = 17.4.33205.214
MinimumVisualStudioVersion = 10.0.40219.1
Project("{888888A0-9F3D-457C-B088-3A5042F75D52}") = "j", "j\j.pyproj", "{22C8448C-6AF4-4897-A5D5-970B2D9C5E4C}"
EndProject
Global
	GlobalSection(SolutionConfigurationPlatforms) = preSolution
		Debug|Any CPU = Debug|Any CPU
		Release|Any CPU = Release|Any CPU
	EndGlobalSection
	GlobalSection(ProjectConfigurationPlatforms) = postSolution
		{22C8448C-6AF4-4897-A5D5-970B2D9C5E4C}.Debug|Any CPU.ActiveCfg = Debug|Any CPU
		{22C8448C-6AF4-4897-A5D5-970B2D9C5E4C}.Release|Any CPU.ActiveCfg = Release|Any CPU
	EndGlobalSection
	GlobalSection(SolutionProperties) = preSolution
		HideSolutionNode = FALSE
	EndGlobalSection
	GlobalSection(ExtensibilityGlobals) = postSolution
		SolutionGuid = {2D49593A-C85D-4BA6-A5EF-E5FE65C94F10}
	EndGlobalSection
EndGlobal
