
Microsoft Visual Studio Solution File, Format Version 12.00
# Visual Studio Version 17
VisualStudioVersion = 17.4.33205.214
MinimumVisualStudioVersion = 10.0.40219.1
Project("{FAE04EC0-301F-11D3-BF4B-00C04F79EFBC}") = "43rvja4ok", "43rvja4ok\43rvja4ok.csproj", "{4441C306-92D6-4F32-8E74-5855FA011ED5}"
EndProject
Global
	GlobalSection(SolutionConfigurationPlatforms) = preSolution
		Debug|Any CPU = Debug|Any CPU
		Release|Any CPU = Release|Any CPU
	EndGlobalSection
	GlobalSection(ProjectConfigurationPlatforms) = postSolution
		{4441C306-92D6-4F32-8E74-5855FA011ED5}.Debug|Any CPU.ActiveCfg = Debug|Any CPU
		{4441C306-92D6-4F32-8E74-5855FA011ED5}.Debug|Any CPU.Build.0 = Debug|Any CPU
		{4441C306-92D6-4F32-8E74-5855FA011ED5}.Release|Any CPU.ActiveCfg = Release|Any CPU
		{4441C306-92D6-4F32-8E74-5855FA011ED5}.Release|Any CPU.Build.0 = Release|Any CPU
	EndGlobalSection
	GlobalSection(SolutionProperties) = preSolution
		HideSolutionNode = FALSE
	EndGlobalSection
	GlobalSection(ExtensibilityGlobals) = postSolution
		SolutionGuid = {A5B65924-9116-42DC-B22F-B69804643C1F}
	EndGlobalSection
EndGlobal
