
Microsoft Visual Studio Solution File, Format Version 12.00
# Visual Studio Version 17
VisualStudioVersion = 17.4.33205.214
MinimumVisualStudioVersion = 10.0.40219.1
Project("{FAE04EC0-301F-11D3-BF4B-00C04F79EFBC}") = "scharp", "scharp\scharp.csproj", "{5197957B-0174-4E5C-B79B-7B3187A7D94C}"
EndProject
Global
	GlobalSection(SolutionConfigurationPlatforms) = preSolution
		Debug|Any CPU = Debug|Any CPU
		Release|Any CPU = Release|Any CPU
	EndGlobalSection
	GlobalSection(ProjectConfigurationPlatforms) = postSolution
		{5197957B-0174-4E5C-B79B-7B3187A7D94C}.Debug|Any CPU.ActiveCfg = Debug|Any CPU
		{5197957B-0174-4E5C-B79B-7B3187A7D94C}.Debug|Any CPU.Build.0 = Debug|Any CPU
		{5197957B-0174-4E5C-B79B-7B3187A7D94C}.Release|Any CPU.ActiveCfg = Release|Any CPU
		{5197957B-0174-4E5C-B79B-7B3187A7D94C}.Release|Any CPU.Build.0 = Release|Any CPU
	EndGlobalSection
	GlobalSection(SolutionProperties) = preSolution
		HideSolutionNode = FALSE
	EndGlobalSection
	GlobalSection(ExtensibilityGlobals) = postSolution
		SolutionGuid = {E74425F6-8DB9-4014-A261-7C39D8CBC862}
	EndGlobalSection
EndGlobal
