
Microsoft Visual Studio Solution File, Format Version 12.00
# Visual Studio Version 17
VisualStudioVersion = 17.4.33205.214
MinimumVisualStudioVersion = 10.0.40219.1
Project("{888888A0-9F3D-457C-B088-3A5042F75D52}") = "palgad", "palgad\palgad.pyproj", "{3541F563-3730-42D8-BB65-55A2E5343238}"
EndProject
Global
	GlobalSection(SolutionConfigurationPlatforms) = preSolution
		Debug|Any CPU = Debug|Any CPU
		Release|Any CPU = Release|Any CPU
	EndGlobalSection
	GlobalSection(ProjectConfigurationPlatforms) = postSolution
		{3541F563-3730-42D8-BB65-55A2E5343238}.Debug|Any CPU.ActiveCfg = Debug|Any CPU
		{3541F563-3730-42D8-BB65-55A2E5343238}.Release|Any CPU.ActiveCfg = Release|Any CPU
	EndGlobalSection
	GlobalSection(SolutionProperties) = preSolution
		HideSolutionNode = FALSE
	EndGlobalSection
	GlobalSection(ExtensibilityGlobals) = postSolution
		SolutionGuid = {CB96B2D6-590F-48E8-876E-324B47D093E9}
	EndGlobalSection
EndGlobal
