
Microsoft Visual Studio Solution File, Format Version 12.00
# Visual Studio Version 17
VisualStudioVersion = 17.4.33205.214
MinimumVisualStudioVersion = 10.0.40219.1
Project("{888888A0-9F3D-457C-B088-3A5042F75D52}") = "palk", "palk\palk.pyproj", "{82E0324C-15FB-45A5-B808-4B8322A645DB}"
EndProject
Global
	GlobalSection(SolutionConfigurationPlatforms) = preSolution
		Debug|Any CPU = Debug|Any CPU
		Release|Any CPU = Release|Any CPU
	EndGlobalSection
	GlobalSection(ProjectConfigurationPlatforms) = postSolution
		{82E0324C-15FB-45A5-B808-4B8322A645DB}.Debug|Any CPU.ActiveCfg = Debug|Any CPU
		{82E0324C-15FB-45A5-B808-4B8322A645DB}.Release|Any CPU.ActiveCfg = Release|Any CPU
	EndGlobalSection
	GlobalSection(SolutionProperties) = preSolution
		HideSolutionNode = FALSE
	EndGlobalSection
	GlobalSection(ExtensibilityGlobals) = postSolution
		SolutionGuid = {E8EC1295-B2C8-42D2-95C1-D3B33F94F959}
	EndGlobalSection
EndGlobal
